
Microsoft Visual Studio Solution File, Format Version 12.00
Project("{FAE04EC0-301F-11D3-BF4B-00C04F79EFBC}") = "SteelSeriesAPI", "SteelSeriesAPI\SteelSeriesAPI.csproj", "{0A8DCC28-28CF-4727-AC6D-9DF25EBFE65A}"
EndProject
Project("{FAE04EC0-301F-11D3-BF4B-00C04F79EFBC}") = "SteelSeriesAPI.Tests", "SteelSeriesAPI.Tests\SteelSeriesAPI.Tests.csproj", "{E7885CD0-60DE-4F9B-9FBA-AD0C170907CE}"
EndProject
Project("{FAE04EC0-301F-11D3-BF4B-00C04F79EFBC}") = "SteelSeriesRestScanner", "SteelSeriesRestScanner\SteelSeriesRestScanner.csproj", "{527C4B14-C3A2-4189-8255-CED2FAACD0EC}"
EndProject
Global
	GlobalSection(SolutionConfigurationPlatforms) = preSolution
		Debug|Any CPU = Debug|Any CPU
		Release|Any CPU = Release|Any CPU
	EndGlobalSection
	GlobalSection(ProjectConfigurationPlatforms) = postSolution
		{0A8DCC28-28CF-4727-AC6D-9DF25EBFE65A}.Debug|Any CPU.ActiveCfg = Debug|Any CPU
		{0A8DCC28-28CF-4727-AC6D-9DF25EBFE65A}.Debug|Any CPU.Build.0 = Debug|Any CPU
		{0A8DCC28-28CF-4727-AC6D-9DF25EBFE65A}.Release|Any CPU.ActiveCfg = Release|Any CPU
		{0A8DCC28-28CF-4727-AC6D-9DF25EBFE65A}.Release|Any CPU.Build.0 = Release|Any CPU
		{EF88E989-DBD7-4AEC-80CE-B076E37DAF93}.Debug|Any CPU.ActiveCfg = Debug|Any CPU
		{EF88E989-DBD7-4AEC-80CE-B076E37DAF93}.Debug|Any CPU.Build.0 = Debug|Any CPU
		{EF88E989-DBD7-4AEC-80CE-B076E37DAF93}.Release|Any CPU.ActiveCfg = Release|Any CPU
		{EF88E989-DBD7-4AEC-80CE-B076E37DAF93}.Release|Any CPU.Build.0 = Release|Any CPU
		{E7885CD0-60DE-4F9B-9FBA-AD0C170907CE}.Debug|Any CPU.ActiveCfg = Debug|Any CPU
		{E7885CD0-60DE-4F9B-9FBA-AD0C170907CE}.Debug|Any CPU.Build.0 = Debug|Any CPU
		{E7885CD0-60DE-4F9B-9FBA-AD0C170907CE}.Release|Any CPU.ActiveCfg = Release|Any CPU
		{E7885CD0-60DE-4F9B-9FBA-AD0C170907CE}.Release|Any CPU.Build.0 = Release|Any CPU
		{527C4B14-C3A2-4189-8255-CED2FAACD0EC}.Debug|Any CPU.ActiveCfg = Debug|Any CPU
		{527C4B14-C3A2-4189-8255-CED2FAACD0EC}.Debug|Any CPU.Build.0 = Debug|Any CPU
		{527C4B14-C3A2-4189-8255-CED2FAACD0EC}.Release|Any CPU.ActiveCfg = Release|Any CPU
		{527C4B14-C3A2-4189-8255-CED2FAACD0EC}.Release|Any CPU.Build.0 = Release|Any CPU
	EndGlobalSection
EndGlobal
