
Microsoft Visual Studio Solution File, Format Version 12.00
Project("{FAE04EC0-301F-11D3-BF4B-00C04F79EFBC}") = "SteelSeriesAPI", "SteelSeriesAPI\SteelSeriesAPI.csproj", "{76F55E01-2CAF-4CDC-BA4D-38C249346F78}"
EndProject
Project("{FAE04EC0-301F-11D3-BF4B-00C04F79EFBC}") = "SteelSeriesAPI.Tests", "SteelSeriesAPI.Tests\SteelSeriesAPI.Tests.csproj", "{924050E0-342D-4F20-BAB7-81B01549AC46}"
EndProject
Global
	GlobalSection(SolutionConfigurationPlatforms) = preSolution
		Debug|Any CPU = Debug|Any CPU
		Release|Any CPU = Release|Any CPU
	EndGlobalSection
	GlobalSection(ProjectConfigurationPlatforms) = postSolution
		{76F55E01-2CAF-4CDC-BA4D-38C249346F78}.Debug|Any CPU.ActiveCfg = Debug|Any CPU
		{76F55E01-2CAF-4CDC-BA4D-38C249346F78}.Debug|Any CPU.Build.0 = Debug|Any CPU
		{76F55E01-2CAF-4CDC-BA4D-38C249346F78}.Release|Any CPU.ActiveCfg = Release|Any CPU
		{76F55E01-2CAF-4CDC-BA4D-38C249346F78}.Release|Any CPU.Build.0 = Release|Any CPU
		{924050E0-342D-4F20-BAB7-81B01549AC46}.Debug|Any CPU.ActiveCfg = Debug|Any CPU
		{924050E0-342D-4F20-BAB7-81B01549AC46}.Debug|Any CPU.Build.0 = Debug|Any CPU
		{924050E0-342D-4F20-BAB7-81B01549AC46}.Release|Any CPU.ActiveCfg = Release|Any CPU
		{924050E0-342D-4F20-BAB7-81B01549AC46}.Release|Any CPU.Build.0 = Release|Any CPU
	EndGlobalSection
EndGlobal
